<?xml version="1.0" encoding="utf-8"?>
<Project ToolsVersion="4.0" xmlns="http://schemas.microsoft.com/developer/msbuild/2003">
  <ItemGroup>
    <Filter Include="Source Files">
      <UniqueIdentifier>{4FC737F1-C7A5-4376-A066-2A32D752A2FF}</UniqueIdentifier>
      <Extensions>cpp;c;cc;cxx;c++;cppm;ixx;def;odl;idl;hpj;bat;asm;asmx</Extensions>
    </Filter>
    <Filter Include="Header Files">
      <UniqueIdentifier>{93995380-89BD-4b04-88EB-625FBE52EBFB}</UniqueIdentifier>
      <Extensions>h;hh;hpp;hxx;h++;hm;inl;inc;ipp;xsd</Extensions>
    </Filter>
    <Filter Include="Resource Files">
      <UniqueIdentifier>{67DA6AB6-F800-4c08-8B7A-83BB121AAD01}</UniqueIdentifier>
      <Extensions>rc;ico;cur;bmp;dlg;rc2;rct;bin;rgs;gif;jpg;jpeg;jpe;resx;tiff;tif;png;wav;mfcribbon-ms</Extensions>
    </Filter>
    <Filter Include="Header Files\ascii">
      <UniqueIdentifier>{0e3510ce-0637-47e9-8b94-da8899089af1}</UniqueIdentifier>
    </Filter>
    <Filter Include="Source Files\ascii_src">
      <UniqueIdentifier>{ea31d7e5-5d7e-484f-b3ef-310d50b2dd0c}</UniqueIdentifier>
    </Filter>
  </ItemGroup>
  <ItemGroup>
    <ClInclude Include="resource.h">
      <Filter>Header Files</Filter>
    </ClInclude>
    <ClInclude Include="ascii\canvas.hpp">
      <Filter>Header Files\ascii</Filter>
    </ClInclude>
    <ClInclude Include="ascii\canvas_inl.hpp">
      <Filter>Header Files\ascii</Filter>
    </ClInclude>
    <ClInclude Include="ascii\char_proxy_strategies.hpp">
      <Filter>Header Files\ascii</Filter>
    </ClInclude>
    <ClInclude Include="ascii\colored_canvas.hpp">
      <Filter>Header Files\ascii</Filter>
    </ClInclude>
    <ClInclude Include="ascii\point.hpp">
      <Filter>Header Files\ascii</Filter>
    </ClInclude>
  </ItemGroup>
  <ItemGroup>
    <ClCompile Include="ascii_src\canvas.cpp">
      <Filter>Source Files\ascii_src</Filter>
    </ClCompile>
    <ClCompile Include="ascii_src\char_proxy_strategies.cpp">
      <Filter>Source Files\ascii_src</Filter>
    </ClCompile>
    <ClCompile Include="ascii_src\colored_canvas.cpp">
      <Filter>Source Files\ascii_src</Filter>
    </ClCompile>
    <ClCompile Include="ascii_src\point.cpp">
      <Filter>Source Files\ascii_src</Filter>
    </ClCompile>
  </ItemGroup>
</Project>